
Microsoft Visual Studio Solution File, Format Version 12.00
# Visual Studio 15
VisualStudioVersion = 15.0.26730.16
MinimumVisualStudioVersion = 10.0.40219.1
Project("{FAE04EC0-301F-11D3-BF4B-00C04F79EFBC}") = "lab14_brian", "lab14_brian\lab14_brian.csproj", "{6A9E6510-2552-407D-8A39-31950DBD23DD}"
EndProject
Global
	GlobalSection(SolutionConfigurationPlatforms) = preSolution
		Debug|Any CPU = Debug|Any CPU
		Release|Any CPU = Release|Any CPU
	EndGlobalSection
	GlobalSection(ProjectConfigurationPlatforms) = postSolution
		{6A9E6510-2552-407D-8A39-31950DBD23DD}.Debug|Any CPU.ActiveCfg = Debug|Any CPU
		{6A9E6510-2552-407D-8A39-31950DBD23DD}.Debug|Any CPU.Build.0 = Debug|Any CPU
		{6A9E6510-2552-407D-8A39-31950DBD23DD}.Release|Any CPU.ActiveCfg = Release|Any CPU
		{6A9E6510-2552-407D-8A39-31950DBD23DD}.Release|Any CPU.Build.0 = Release|Any CPU
	EndGlobalSection
	GlobalSection(SolutionProperties) = preSolution
		HideSolutionNode = FALSE
	EndGlobalSection
	GlobalSection(ExtensibilityGlobals) = postSolution
		SolutionGuid = {478240BE-F139-4C07-8156-D8FE8C067348}
	EndGlobalSection
EndGlobal
